
Microsoft Visual Studio Solution File, Format Version 12.00
# Visual Studio Version 16
VisualStudioVersion = 16.0.32413.511
MinimumVisualStudioVersion = 10.0.40219.1
Project("{FAE04EC0-301F-11D3-BF4B-00C04F79EFBC}") = "IntroToGitHubFE", "IntroToGitHubFE\IntroToGitHubFE.csproj", "{9779234F-8B6B-439C-8DD8-824C8A6D858E}"
EndProject
Global
	GlobalSection(SolutionConfigurationPlatforms) = preSolution
		Debug|Any CPU = Debug|Any CPU
		Release|Any CPU = Release|Any CPU
	EndGlobalSection
	GlobalSection(ProjectConfigurationPlatforms) = postSolution
		{9779234F-8B6B-439C-8DD8-824C8A6D858E}.Debug|Any CPU.ActiveCfg = Debug|Any CPU
		{9779234F-8B6B-439C-8DD8-824C8A6D858E}.Debug|Any CPU.Build.0 = Debug|Any CPU
		{9779234F-8B6B-439C-8DD8-824C8A6D858E}.Release|Any CPU.ActiveCfg = Release|Any CPU
		{9779234F-8B6B-439C-8DD8-824C8A6D858E}.Release|Any CPU.Build.0 = Release|Any CPU
	EndGlobalSection
	GlobalSection(SolutionProperties) = preSolution
		HideSolutionNode = FALSE
	EndGlobalSection
	GlobalSection(ExtensibilityGlobals) = postSolution
		SolutionGuid = {8743466F-E3A9-462E-ABF5-68EE68319444}
	EndGlobalSection
EndGlobal
